{
  "version": 4,
  "terraform_version": "1.6.6",
  "serial": 809,
  "lineage": "7d74c729-1f34-7a8f-35bb-dab83cd66e10",
  "outputs": {},
  "resources": [
    {
      "module": "module.vpc",
      "mode": "managed",
      "type": "aws_internet_gateway",
      "name": "this",
      "provider": "provider[\"registry.terraform.io/hashicorp/aws\"]",
      "instances": [
        {
          "index_key": 0,
          "schema_version": 0,
          "attributes": {
            "arn": "arn:aws:ec2:eu-west-1:725840066530:internet-gateway/igw-0d9bfae84612f0bbe",
            "id": "igw-0d9bfae84612f0bbe",
            "owner_id": "725840066530",
            "tags": {
              "Name": "sales-prod-mili-vpc",
              "environment": "prod",
              "owners": "sales"
            },
            "tags_all": {
              "Name": "sales-prod-mili-vpc",
              "environment": "prod",
              "owners": "sales"
            },
            "timeouts": null,
            "vpc_id": "vpc-0edd730febd327643"
          },
          "sensitive_attributes": [],
          "private": "eyJlMmJmYjczMC1lY2FhLTExZTYtOGY4OC0zNDM2M2JjN2M0YzAiOnsiY3JlYXRlIjoxMjAwMDAwMDAwMDAwLCJkZWxldGUiOjEyMDAwMDAwMDAwMDAsInVwZGF0ZSI6MTIwMDAwMDAwMDAwMH19",
          "dependencies": [
            "module.vpc.aws_vpc.this",
            "module.vpc.aws_vpc_ipv4_cidr_block_association.this"
          ]
        }
      ]
    },
    {
      "module": "module.vpc",
      "mode": "managed",
      "type": "aws_vpc",
      "name": "this",
      "provider": "provider[\"registry.terraform.io/hashicorp/aws\"]",
      "instances": [
        {
          "index_key": 0,
          "schema_version": 1,
          "attributes": {
            "arn": "arn:aws:ec2:eu-west-1:725840066530:vpc/vpc-0edd730febd327643",
            "assign_generated_ipv6_cidr_block": false,
            "cidr_block": "10.0.0.0/16",
            "default_network_acl_id": "acl-01bd437a2fa51bc10",
            "default_route_table_id": "rtb-0077767c206291019",
            "default_security_group_id": "sg-04a0d88381fb7f33a",
            "dhcp_options_id": "dopt-05339a25b83be3154",
            "enable_dns_hostnames": true,
            "enable_dns_support": true,
            "enable_network_address_usage_metrics": false,
            "id": "vpc-0edd730febd327643",
            "instance_tenancy": "default",
            "ipv4_ipam_pool_id": null,
            "ipv4_netmask_length": null,
            "ipv6_association_id": "",
            "ipv6_cidr_block": "",
            "ipv6_cidr_block_network_border_group": "",
            "ipv6_ipam_pool_id": "",
            "ipv6_netmask_length": 0,
            "main_route_table_id": "rtb-0077767c206291019",
            "owner_id": "725840066530",
            "tags": {
              "Name": "sales-prod-mili-vpc",
              "environment": "prod",
              "owners": "sales"
            },
            "tags_all": {
              "Name": "sales-prod-mili-vpc",
              "environment": "prod",
              "owners": "sales"
            }
          },
          "sensitive_attributes": [],
          "private": "eyJzY2hlbWFfdmVyc2lvbiI6IjEifQ=="
        }
      ]
    }
  ],
  "check_results": null
}
