{
  "version": 4,
  "terraform_version": "1.7.4",
  "serial": 670,
  "lineage": "7d74c729-1f34-7a8f-35bb-dab83cd66e10",
  "outputs": {},
  "resources": [
    {
      "mode": "data",
      "type": "aws_availability_zones",
      "name": "available",
      "provider": "provider[\"registry.terraform.io/hashicorp/aws\"]",
      "instances": [
        {
          "schema_version": 0,
          "attributes": {
            "all_availability_zones": null,
            "exclude_names": [
              "eu-west-2-iah-1a"
            ],
            "exclude_zone_ids": null,
            "filter": null,
            "group_names": [
              "eu-west-1"
            ],
            "id": "eu-west-1",
            "names": [
              "eu-west-1a",
              "eu-west-1b",
              "eu-west-1c"
            ],
            "state": null,
            "timeouts": null,
            "zone_ids": [
              "euw1-az1",
              "euw1-az2",
              "euw1-az3"
            ]
          },
          "sensitive_attributes": []
        }
      ]
    },
    {
      "mode": "managed",
      "type": "aws_eks_cluster",
      "name": "eks_cluster",
      "provider": "provider[\"registry.terraform.io/hashicorp/aws\"]",
      "instances": [
        {
          "schema_version": 0,
          "attributes": {
            "access_config": [
              {
                "authentication_mode": "CONFIG_MAP",
                "bootstrap_cluster_creator_admin_permissions": false
              }
            ],
            "arn": "arn:aws:eks:eu-west-1:725840066530:cluster/sales-prod-eks-sales",
            "certificate_authority": [
              {
                "data": "LS0tLS1CRUdJTiBDRVJUSUZJQ0FURS0tLS0tCk1JSUMvakNDQWVhZ0F3SUJBZ0lCQURBTkJna3Foa2lHOXcwQkFRc0ZBREFWTVJNd0VRWURWUVFERXdwcmRXSmwKY201bGRHVnpNQjRYRFRJME1ETXdOVEl5TURreE0xb1hEVE0wTURNd016SXlNRGt4TTFvd0ZURVRNQkVHQTFVRQpBeE1LYTNWaVpYSnVaWFJsY3pDQ0FTSXdEUVlKS29aSWh2Y05BUUVCQlFBRGdnRVBBRENDQVFvQ2dnRUJBTERVCjBXa0REUjhTcmtzT1VWUmlJdG8rRDIwV0VrdEU2Y3dDejhlUUhJbUpwNnlieUZLcHRlWTVuZnlnSVpRcXdEVGQKdDhNaXVwMlBGV25pMFNLdmNoNG9nUDcvdW9PeVpXbXIvK3UyYmhrT1FLYzBxckhGM0ZBeVBucG51cHVKTDJPMQphWEE4cDVUMmFXV0duRzhEZVlVWU5XWW14UFFJaWxhejBPeUFzL1AwUWxGZHJUcVBKVUJJakJ6MVdmSWVydlJ4CjdiRkVNM1dmaExra2FBKzlmL21yc1VJOGpwUDU1UVR0bGJtQXhWWHJxMWloMXJNSkJ2dDUzRzkrU25pRUtneTcKMGxzVThoNlVGTmpWaW1PaFZ5UVdXVkZnU2xvYzRtWWpHazBkKzJtVkd1YXpwaXI2cm1KV0hnalpoeGRTSFI0MgpDdXFna1pMVk9XL3JoV3dpQlNFQ0F3RUFBYU5aTUZjd0RnWURWUjBQQVFIL0JBUURBZ0trTUE4R0ExVWRFd0VCCi93UUZNQU1CQWY4d0hRWURWUjBPQkJZRUZORWdoeis5eHU5Z3l5bnVybVo0bEN3bTVHR0xNQlVHQTFVZEVRUU8KTUF5Q0NtdDFZbVZ5Ym1WMFpYTXdEUVlKS29aSWh2Y05BUUVMQlFBRGdnRUJBRC9JNWdPVGowekJTMDhZdzdPRQo5dmV3aXJPeHMyWXd1dGNEZTc5cDF1Q2d3bXg5ZHhqR2FHa1JSYVdnWWxNL3RXaHZ1QitBNkFtWElSU2U1U21XCnVHMHRXWHNzZmZUTDVyeHFyVDh6Mzc1ZGRjNXplMFdkN3BGL3dwMkx0S002V3lQTHA2elRCZEdndjhlMkdlSDMKanNSNXc1VDZxakMzQkw3TFRlc1R6RTVPeWxHOWU0ZzM4SU1kN3RTeXRYN1lqWmt2TFFkNkd5VEJuRWNvK2hUSApEV2FUNGhJeU9CdnNqckZLM2VWdmVtSmVud01nei9pblhCN0wrTVpPV2JzbU1EUUE5M2k1dy9LalpKZXp2d0xNCitIZjJ0UFJRT2E2SVI4QmJtZTVxTjgzOVh5djFpYlYzak1zQmJ2ZlFVa2VZS3JvaUZTMFF0ZzdUb1R4U3RudkgKNnRzPQotLS0tLUVORCBDRVJUSUZJQ0FURS0tLS0tCg=="
              }
            ],
            "cluster_id": null,
            "created_at": "2024-03-05 22:05:27.866 +0000 UTC",
            "enabled_cluster_log_types": [
              "api",
              "audit",
              "authenticator",
              "controllerManager",
              "scheduler"
            ],
            "encryption_config": [],
            "endpoint": "https://318808AE9692D162055BCB97322DD3DB.gr7.eu-west-1.eks.amazonaws.com",
            "id": "sales-prod-eks-sales",
            "identity": [
              {
                "oidc": [
                  {
                    "issuer": "https://oidc.eks.eu-west-1.amazonaws.com/id/318808AE9692D162055BCB97322DD3DB"
                  }
                ]
              }
            ],
            "kubernetes_network_config": [
              {
                "ip_family": "ipv4",
                "service_ipv4_cidr": "172.20.0.0/16",
                "service_ipv6_cidr": ""
              }
            ],
            "name": "sales-prod-eks-sales",
            "outpost_config": [],
            "platform_version": "eks.16",
            "role_arn": "arn:aws:iam::725840066530:role/sales-prod-eks-master-role",
            "status": "ACTIVE",
            "tags": {},
            "tags_all": {},
            "timeouts": null,
            "version": "1.24",
            "vpc_config": [
              {
                "cluster_security_group_id": "sg-0f463c4c84fbb900a",
                "endpoint_private_access": false,
                "endpoint_public_access": true,
                "public_access_cidrs": [
                  "0.0.0.0/0"
                ],
                "security_group_ids": [],
                "subnet_ids": [
                  "subnet-0755bc0f02606bbf3",
                  "subnet-0c8482d7c1fe3b735"
                ],
                "vpc_id": "vpc-0668f661455ee3dbb"
              }
            ]
          },
          "sensitive_attributes": [],
          "private": "eyJlMmJmYjczMC1lY2FhLTExZTYtOGY4OC0zNDM2M2JjN2M0YzAiOnsiY3JlYXRlIjoxODAwMDAwMDAwMDAwLCJkZWxldGUiOjkwMDAwMDAwMDAwMCwidXBkYXRlIjozNjAwMDAwMDAwMDAwfX0=",
          "dependencies": [
            "aws_iam_role.eks_master_role",
            "aws_iam_role_policy_attachment.eks_AmazonEKSClusterPolicy",
            "aws_iam_role_policy_attachment.eks_AmazonEKSVPCResourceController",
            "data.aws_availability_zones.available",
            "module.vpc.aws_subnet.public",
            "module.vpc.aws_vpc.this",
            "module.vpc.aws_vpc_ipv4_cidr_block_association.this"
          ]
        }
      ]
    },
    {
      "mode": "managed",
      "type": "aws_eks_node_group",
      "name": "eks_ng_public",
      "provider": "provider[\"registry.terraform.io/hashicorp/aws\"]",
      "instances": [
        {
          "schema_version": 0,
          "attributes": {
            "ami_type": "AL2_x86_64",
            "arn": "arn:aws:eks:eu-west-1:725840066530:nodegroup/sales-prod-eks-sales/sales-prod-eks-ng-public/f8c70855-f551-7e73-66f8-1f37d6324fe0",
            "capacity_type": "ON_DEMAND",
            "cluster_name": "sales-prod-eks-sales",
            "disk_size": 20,
            "force_update_version": null,
            "id": "sales-prod-eks-sales:sales-prod-eks-ng-public",
            "instance_types": [
              "t2.xlarge"
            ],
            "labels": {},
            "launch_template": [],
            "node_group_name": "sales-prod-eks-ng-public",
            "node_group_name_prefix": "",
            "node_role_arn": "arn:aws:iam::725840066530:role/sales-prod-eks-nodegroup-role",
            "release_version": "1.24.17-20240227",
            "remote_access": [
              {
                "ec2_ssh_key": "main-key",
                "source_security_group_ids": []
              }
            ],
            "resources": [
              {
                "autoscaling_groups": [
                  {
                    "name": "eks-sales-prod-eks-ng-public-f8c70855-f551-7e73-66f8-1f37d6324fe0"
                  }
                ],
                "remote_access_security_group_id": "sg-0524c7506c28693b3"
              }
            ],
            "scaling_config": [
              {
                "desired_size": 2,
                "max_size": 2,
                "min_size": 1
              }
            ],
            "status": "ACTIVE",
            "subnet_ids": [
              "subnet-0755bc0f02606bbf3",
              "subnet-0c8482d7c1fe3b735"
            ],
            "tags": {
              "Name": "Public-Node-Group"
            },
            "tags_all": {
              "Name": "Public-Node-Group"
            },
            "taint": [],
            "timeouts": null,
            "update_config": [
              {
                "max_unavailable": 1,
                "max_unavailable_percentage": 0
              }
            ],
            "version": "1.24"
          },
          "sensitive_attributes": [],
          "private": "eyJlMmJmYjczMC1lY2FhLTExZTYtOGY4OC0zNDM2M2JjN2M0YzAiOnsiY3JlYXRlIjozNjAwMDAwMDAwMDAwLCJkZWxldGUiOjM2MDAwMDAwMDAwMDAsInVwZGF0ZSI6MzYwMDAwMDAwMDAwMH19",
          "dependencies": [
            "aws_eks_cluster.eks_cluster",
            "aws_iam_role.eks_master_role",
            "aws_iam_role.eks_nodegroup_role",
            "aws_iam_role_policy_attachment.eks_AmazonEC2ContainerRegistryReadOnly",
            "aws_iam_role_policy_attachment.eks_AmazonEKSClusterPolicy",
            "aws_iam_role_policy_attachment.eks_AmazonEKSVPCResourceController",
            "aws_iam_role_policy_attachment.eks_AmazonEKSWorkerNodePolicy",
            "aws_iam_role_policy_attachment.eks_AmazonEKS_CNI_Policy",
            "data.aws_availability_zones.available",
            "module.vpc.aws_subnet.public",
            "module.vpc.aws_vpc.this",
            "module.vpc.aws_vpc_ipv4_cidr_block_association.this"
          ]
        }
      ]
    },
    {
      "mode": "managed",
      "type": "aws_iam_role",
      "name": "eks_master_role",
      "provider": "provider[\"registry.terraform.io/hashicorp/aws\"]",
      "instances": [
        {
          "schema_version": 0,
          "attributes": {
            "arn": "arn:aws:iam::725840066530:role/sales-prod-eks-master-role",
            "assume_role_policy": "{\"Statement\":[{\"Action\":\"sts:AssumeRole\",\"Effect\":\"Allow\",\"Principal\":{\"Service\":\"eks.amazonaws.com\"}}],\"Version\":\"2012-10-17\"}",
            "create_date": "2024-03-05T21:59:55Z",
            "description": "",
            "force_detach_policies": false,
            "id": "sales-prod-eks-master-role",
            "inline_policy": [],
            "managed_policy_arns": [
              "arn:aws:iam::aws:policy/AmazonEKSClusterPolicy",
              "arn:aws:iam::aws:policy/AmazonEKSVPCResourceController"
            ],
            "max_session_duration": 3600,
            "name": "sales-prod-eks-master-role",
            "name_prefix": "",
            "path": "/",
            "permissions_boundary": "",
            "tags": {},
            "tags_all": {},
            "unique_id": "AROA2R73QO7RDV353W3IF"
          },
          "sensitive_attributes": [],
          "private": "bnVsbA=="
        }
      ]
    },
    {
      "mode": "managed",
      "type": "aws_iam_role",
      "name": "eks_nodegroup_role",
      "provider": "provider[\"registry.terraform.io/hashicorp/aws\"]",
      "instances": [
        {
          "schema_version": 0,
          "attributes": {
            "arn": "arn:aws:iam::725840066530:role/sales-prod-eks-nodegroup-role",
            "assume_role_policy": "{\"Statement\":[{\"Action\":\"sts:AssumeRole\",\"Effect\":\"Allow\",\"Principal\":{\"Service\":\"ec2.amazonaws.com\"}}],\"Version\":\"2012-10-17\"}",
            "create_date": "2024-03-05T22:05:25Z",
            "description": "",
            "force_detach_policies": false,
            "id": "sales-prod-eks-nodegroup-role",
            "inline_policy": [],
            "managed_policy_arns": [
              "arn:aws:iam::aws:policy/AmazonEC2ContainerRegistryReadOnly",
              "arn:aws:iam::aws:policy/AmazonEKSWorkerNodePolicy",
              "arn:aws:iam::aws:policy/AmazonEKS_CNI_Policy"
            ],
            "max_session_duration": 3600,
            "name": "sales-prod-eks-nodegroup-role",
            "name_prefix": "",
            "path": "/",
            "permissions_boundary": "",
            "tags": {},
            "tags_all": {},
            "unique_id": "AROA2R73QO7RDCGHQMQK4"
          },
          "sensitive_attributes": [],
          "private": "bnVsbA=="
        }
      ]
    },
    {
      "mode": "managed",
      "type": "aws_iam_role_policy_attachment",
      "name": "eks_AmazonEC2ContainerRegistryReadOnly",
      "provider": "provider[\"registry.terraform.io/hashicorp/aws\"]",
      "instances": [
        {
          "schema_version": 0,
          "attributes": {
            "id": "sales-prod-eks-nodegroup-role-20240305220526213700000006",
            "policy_arn": "arn:aws:iam::aws:policy/AmazonEC2ContainerRegistryReadOnly",
            "role": "sales-prod-eks-nodegroup-role"
          },
          "sensitive_attributes": [],
          "private": "bnVsbA==",
          "dependencies": [
            "aws_iam_role.eks_nodegroup_role"
          ]
        }
      ]
    },
    {
      "mode": "managed",
      "type": "aws_iam_role_policy_attachment",
      "name": "eks_AmazonEKSClusterPolicy",
      "provider": "provider[\"registry.terraform.io/hashicorp/aws\"]",
      "instances": [
        {
          "schema_version": 0,
          "attributes": {
            "id": "sales-prod-eks-master-role-20240305215955544900000001",
            "policy_arn": "arn:aws:iam::aws:policy/AmazonEKSClusterPolicy",
            "role": "sales-prod-eks-master-role"
          },
          "sensitive_attributes": [],
          "private": "bnVsbA==",
          "dependencies": [
            "aws_iam_role.eks_master_role"
          ]
        }
      ]
    },
    {
      "mode": "managed",
      "type": "aws_iam_role_policy_attachment",
      "name": "eks_AmazonEKSVPCResourceController",
      "provider": "provider[\"registry.terraform.io/hashicorp/aws\"]",
      "instances": [
        {
          "schema_version": 0,
          "attributes": {
            "id": "sales-prod-eks-master-role-20240305215955566500000002",
            "policy_arn": "arn:aws:iam::aws:policy/AmazonEKSVPCResourceController",
            "role": "sales-prod-eks-master-role"
          },
          "sensitive_attributes": [],
          "private": "bnVsbA==",
          "dependencies": [
            "aws_iam_role.eks_master_role"
          ]
        }
      ]
    },
    {
      "mode": "managed",
      "type": "aws_iam_role_policy_attachment",
      "name": "eks_AmazonEKSWorkerNodePolicy",
      "provider": "provider[\"registry.terraform.io/hashicorp/aws\"]",
      "instances": [
        {
          "schema_version": 0,
          "attributes": {
            "id": "sales-prod-eks-nodegroup-role-20240305220526063900000005",
            "policy_arn": "arn:aws:iam::aws:policy/AmazonEKSWorkerNodePolicy",
            "role": "sales-prod-eks-nodegroup-role"
          },
          "sensitive_attributes": [],
          "private": "bnVsbA==",
          "dependencies": [
            "aws_iam_role.eks_nodegroup_role"
          ]
        }
      ]
    },
    {
      "mode": "managed",
      "type": "aws_iam_role_policy_attachment",
      "name": "eks_AmazonEKS_CNI_Policy",
      "provider": "provider[\"registry.terraform.io/hashicorp/aws\"]",
      "instances": [
        {
          "schema_version": 0,
          "attributes": {
            "id": "sales-prod-eks-nodegroup-role-20240305220526254700000007",
            "policy_arn": "arn:aws:iam::aws:policy/AmazonEKS_CNI_Policy",
            "role": "sales-prod-eks-nodegroup-role"
          },
          "sensitive_attributes": [],
          "private": "bnVsbA==",
          "dependencies": [
            "aws_iam_role.eks_nodegroup_role"
          ]
        }
      ]
    },
    {
      "module": "module.vpc",
      "mode": "managed",
      "type": "aws_internet_gateway",
      "name": "this",
      "provider": "provider[\"registry.terraform.io/hashicorp/aws\"]",
      "instances": [
        {
          "index_key": 0,
          "schema_version": 0,
          "attributes": {
            "arn": "arn:aws:ec2:eu-west-1:725840066530:internet-gateway/igw-0bbd4ca339ba1e617",
            "id": "igw-0bbd4ca339ba1e617",
            "owner_id": "725840066530",
            "tags": {
              "Name": "sales-prod-mili-vpc",
              "environment": "prod",
              "owners": "sales"
            },
            "tags_all": {
              "Name": "sales-prod-mili-vpc",
              "environment": "prod",
              "owners": "sales"
            },
            "timeouts": null,
            "vpc_id": "vpc-0668f661455ee3dbb"
          },
          "sensitive_attributes": [],
          "private": "eyJlMmJmYjczMC1lY2FhLTExZTYtOGY4OC0zNDM2M2JjN2M0YzAiOnsiY3JlYXRlIjoxMjAwMDAwMDAwMDAwLCJkZWxldGUiOjEyMDAwMDAwMDAwMDAsInVwZGF0ZSI6MTIwMDAwMDAwMDAwMH19",
          "dependencies": [
            "module.vpc.aws_vpc.this",
            "module.vpc.aws_vpc_ipv4_cidr_block_association.this"
          ]
        }
      ]
    },
    {
      "module": "module.vpc",
      "mode": "managed",
      "type": "aws_subnet",
      "name": "public",
      "provider": "provider[\"registry.terraform.io/hashicorp/aws\"]",
      "instances": [
        {
          "index_key": 0,
          "schema_version": 1,
          "attributes": {
            "arn": "arn:aws:ec2:eu-west-1:725840066530:subnet/subnet-0755bc0f02606bbf3",
            "assign_ipv6_address_on_creation": false,
            "availability_zone": "eu-west-1a",
            "availability_zone_id": "euw1-az1",
            "cidr_block": "10.0.101.0/24",
            "customer_owned_ipv4_pool": "",
            "enable_dns64": false,
            "enable_lni_at_device_index": 0,
            "enable_resource_name_dns_a_record_on_launch": false,
            "enable_resource_name_dns_aaaa_record_on_launch": false,
            "id": "subnet-0755bc0f02606bbf3",
            "ipv6_cidr_block": "",
            "ipv6_cidr_block_association_id": "",
            "ipv6_native": false,
            "map_customer_owned_ip_on_launch": false,
            "map_public_ip_on_launch": true,
            "outpost_arn": "",
            "owner_id": "725840066530",
            "private_dns_hostname_type_on_launch": "ip-name",
            "tags": {
              "Name": "sales-prod-mili-vpc-public-eu-west-1a",
              "Type": "Public Subnets",
              "environment": "prod",
              "kubernetes.io/cluster/sales-prod-eks-sales": "shared",
              "kubernetes.io/role/elb": "1",
              "owners": "sales"
            },
            "tags_all": {
              "Name": "sales-prod-mili-vpc-public-eu-west-1a",
              "Type": "Public Subnets",
              "environment": "prod",
              "kubernetes.io/cluster/sales-prod-eks-sales": "shared",
              "kubernetes.io/role/elb": "1",
              "owners": "sales"
            },
            "timeouts": null,
            "vpc_id": "vpc-0668f661455ee3dbb"
          },
          "sensitive_attributes": [],
          "private": "eyJlMmJmYjczMC1lY2FhLTExZTYtOGY4OC0zNDM2M2JjN2M0YzAiOnsiY3JlYXRlIjo2MDAwMDAwMDAwMDAsImRlbGV0ZSI6MTIwMDAwMDAwMDAwMH0sInNjaGVtYV92ZXJzaW9uIjoiMSJ9",
          "dependencies": [
            "data.aws_availability_zones.available",
            "module.vpc.aws_vpc.this",
            "module.vpc.aws_vpc_ipv4_cidr_block_association.this"
          ]
        },
        {
          "index_key": 1,
          "schema_version": 1,
          "attributes": {
            "arn": "arn:aws:ec2:eu-west-1:725840066530:subnet/subnet-0c8482d7c1fe3b735",
            "assign_ipv6_address_on_creation": false,
            "availability_zone": "eu-west-1b",
            "availability_zone_id": "euw1-az2",
            "cidr_block": "10.0.102.0/24",
            "customer_owned_ipv4_pool": "",
            "enable_dns64": false,
            "enable_lni_at_device_index": 0,
            "enable_resource_name_dns_a_record_on_launch": false,
            "enable_resource_name_dns_aaaa_record_on_launch": false,
            "id": "subnet-0c8482d7c1fe3b735",
            "ipv6_cidr_block": "",
            "ipv6_cidr_block_association_id": "",
            "ipv6_native": false,
            "map_customer_owned_ip_on_launch": false,
            "map_public_ip_on_launch": true,
            "outpost_arn": "",
            "owner_id": "725840066530",
            "private_dns_hostname_type_on_launch": "ip-name",
            "tags": {
              "Name": "sales-prod-mili-vpc-public-eu-west-1b",
              "Type": "Public Subnets",
              "environment": "prod",
              "kubernetes.io/cluster/sales-prod-eks-sales": "shared",
              "kubernetes.io/role/elb": "1",
              "owners": "sales"
            },
            "tags_all": {
              "Name": "sales-prod-mili-vpc-public-eu-west-1b",
              "Type": "Public Subnets",
              "environment": "prod",
              "kubernetes.io/cluster/sales-prod-eks-sales": "shared",
              "kubernetes.io/role/elb": "1",
              "owners": "sales"
            },
            "timeouts": null,
            "vpc_id": "vpc-0668f661455ee3dbb"
          },
          "sensitive_attributes": [],
          "private": "eyJlMmJmYjczMC1lY2FhLTExZTYtOGY4OC0zNDM2M2JjN2M0YzAiOnsiY3JlYXRlIjo2MDAwMDAwMDAwMDAsImRlbGV0ZSI6MTIwMDAwMDAwMDAwMH0sInNjaGVtYV92ZXJzaW9uIjoiMSJ9",
          "dependencies": [
            "data.aws_availability_zones.available",
            "module.vpc.aws_vpc.this",
            "module.vpc.aws_vpc_ipv4_cidr_block_association.this"
          ]
        }
      ]
    },
    {
      "module": "module.vpc",
      "mode": "managed",
      "type": "aws_vpc",
      "name": "this",
      "provider": "provider[\"registry.terraform.io/hashicorp/aws\"]",
      "instances": [
        {
          "index_key": 0,
          "schema_version": 1,
          "attributes": {
            "arn": "arn:aws:ec2:eu-west-1:725840066530:vpc/vpc-0668f661455ee3dbb",
            "assign_generated_ipv6_cidr_block": false,
            "cidr_block": "10.0.0.0/16",
            "default_network_acl_id": "acl-0142dc356957b1adb",
            "default_route_table_id": "rtb-0ce6f19a4856b3546",
            "default_security_group_id": "sg-09f8a10c68516806b",
            "dhcp_options_id": "dopt-05339a25b83be3154",
            "enable_dns_hostnames": true,
            "enable_dns_support": true,
            "enable_network_address_usage_metrics": false,
            "id": "vpc-0668f661455ee3dbb",
            "instance_tenancy": "default",
            "ipv4_ipam_pool_id": null,
            "ipv4_netmask_length": null,
            "ipv6_association_id": "",
            "ipv6_cidr_block": "",
            "ipv6_cidr_block_network_border_group": "",
            "ipv6_ipam_pool_id": "",
            "ipv6_netmask_length": 0,
            "main_route_table_id": "rtb-0ce6f19a4856b3546",
            "owner_id": "725840066530",
            "tags": {
              "Name": "sales-prod-mili-vpc",
              "environment": "prod",
              "owners": "sales"
            },
            "tags_all": {
              "Name": "sales-prod-mili-vpc",
              "environment": "prod",
              "owners": "sales"
            }
          },
          "sensitive_attributes": [],
          "private": "eyJzY2hlbWFfdmVyc2lvbiI6IjEifQ=="
        }
      ]
    }
  ],
  "check_results": null
}
